
Microsoft Visual Studio Solution File, Format Version 12.00
# Visual Studio Version 17
VisualStudioVersion = 17.3.32901.215
MinimumVisualStudioVersion = 10.0.40219.1
Project("{FAE04EC0-301F-11D3-BF4B-00C04F79EFBC}") = "ertekpapir(konstruktoros beolvasas)", "ertekpapir(konstruktoros beolvasas)\ertekpapir(konstruktoros beolvasas).csproj", "{05698540-23CB-48A3-933E-C3079EA1E612}"
EndProject
Global
	GlobalSection(SolutionConfigurationPlatforms) = preSolution
		Debug|Any CPU = Debug|Any CPU
		Release|Any CPU = Release|Any CPU
	EndGlobalSection
	GlobalSection(ProjectConfigurationPlatforms) = postSolution
		{05698540-23CB-48A3-933E-C3079EA1E612}.Debug|Any CPU.ActiveCfg = Debug|Any CPU
		{05698540-23CB-48A3-933E-C3079EA1E612}.Debug|Any CPU.Build.0 = Debug|Any CPU
		{05698540-23CB-48A3-933E-C3079EA1E612}.Release|Any CPU.ActiveCfg = Release|Any CPU
		{05698540-23CB-48A3-933E-C3079EA1E612}.Release|Any CPU.Build.0 = Release|Any CPU
	EndGlobalSection
	GlobalSection(SolutionProperties) = preSolution
		HideSolutionNode = FALSE
	EndGlobalSection
	GlobalSection(ExtensibilityGlobals) = postSolution
		SolutionGuid = {D5E390BC-7E57-4DE2-914E-CC1F5EA8DAA8}
	EndGlobalSection
EndGlobal
